
Microsoft Visual Studio Solution File, Format Version 12.00
# Visual Studio Version 16
VisualStudioVersion = 16.0.33214.272
MinimumVisualStudioVersion = 10.0.40219.1
Project("{FAE04EC0-301F-11D3-BF4B-00C04F79EFBC}") = "csharppractice", "csharppractice\csharppractice.csproj", "{37DAF9F7-9DBE-46D3-B335-878B8AF18441}"
EndProject
Global
	GlobalSection(SolutionConfigurationPlatforms) = preSolution
		Debug|Any CPU = Debug|Any CPU
		Release|Any CPU = Release|Any CPU
	EndGlobalSection
	GlobalSection(ProjectConfigurationPlatforms) = postSolution
		{37DAF9F7-9DBE-46D3-B335-878B8AF18441}.Debug|Any CPU.ActiveCfg = Debug|Any CPU
		{37DAF9F7-9DBE-46D3-B335-878B8AF18441}.Debug|Any CPU.Build.0 = Debug|Any CPU
		{37DAF9F7-9DBE-46D3-B335-878B8AF18441}.Release|Any CPU.ActiveCfg = Release|Any CPU
		{37DAF9F7-9DBE-46D3-B335-878B8AF18441}.Release|Any CPU.Build.0 = Release|Any CPU
	EndGlobalSection
	GlobalSection(SolutionProperties) = preSolution
		HideSolutionNode = FALSE
	EndGlobalSection
	GlobalSection(ExtensibilityGlobals) = postSolution
		SolutionGuid = {EC036C4B-4F67-4773-8E00-2DDFCF2BF39B}
	EndGlobalSection
EndGlobal
